
Microsoft Visual Studio Solution File, Format Version 12.00
# Visual Studio Version 17
VisualStudioVersion = 17.10.34928.147
MinimumVisualStudioVersion = 10.0.40219.1
Project("{FAE04EC0-301F-11D3-BF4B-00C04F79EFBC}") = "MongoCrud.API", "MongoCrud.API\MongoCrud.API.csproj", "{1EB02500-670A-4956-AA81-5AF627A5B7E8}"
EndProject
Project("{FAE04EC0-301F-11D3-BF4B-00C04F79EFBC}") = "Frontend", "Frontend\Frontend.csproj", "{4BEBED5A-5E39-4BEE-A736-68C09DBAC8C6}"
EndProject
Global
	GlobalSection(SolutionConfigurationPlatforms) = preSolution
		Debug|Any CPU = Debug|Any CPU
		Release|Any CPU = Release|Any CPU
	EndGlobalSection
	GlobalSection(ProjectConfigurationPlatforms) = postSolution
		{1EB02500-670A-4956-AA81-5AF627A5B7E8}.Debug|Any CPU.ActiveCfg = Debug|Any CPU
		{1EB02500-670A-4956-AA81-5AF627A5B7E8}.Debug|Any CPU.Build.0 = Debug|Any CPU
		{1EB02500-670A-4956-AA81-5AF627A5B7E8}.Release|Any CPU.ActiveCfg = Release|Any CPU
		{1EB02500-670A-4956-AA81-5AF627A5B7E8}.Release|Any CPU.Build.0 = Release|Any CPU
		{4BEBED5A-5E39-4BEE-A736-68C09DBAC8C6}.Debug|Any CPU.ActiveCfg = Debug|Any CPU
		{4BEBED5A-5E39-4BEE-A736-68C09DBAC8C6}.Debug|Any CPU.Build.0 = Debug|Any CPU
		{4BEBED5A-5E39-4BEE-A736-68C09DBAC8C6}.Release|Any CPU.ActiveCfg = Release|Any CPU
		{4BEBED5A-5E39-4BEE-A736-68C09DBAC8C6}.Release|Any CPU.Build.0 = Release|Any CPU
	EndGlobalSection
	GlobalSection(SolutionProperties) = preSolution
		HideSolutionNode = FALSE
	EndGlobalSection
	GlobalSection(ExtensibilityGlobals) = postSolution
		SolutionGuid = {4A33FD3F-9CFB-4721-954F-66A440EC13AC}
	EndGlobalSection
EndGlobal
